{
  "name": "subsubdeecee-extension",
  "lockfileVersion": 2,
  "requires": true,
  "packages": {
    "": {
      "devDependencies": {
        "@types/webextension-polyfill": "^0.10.0"
      }
    },
    "node_modules/@types/webextension-polyfill": {
      "version": "0.10.0",
      "resolved": "https://registry.npmjs.org/@types/webextension-polyfill/-/webextension-polyfill-0.10.0.tgz",
      "integrity": "sha512-If4EcaHzYTqcbNMp/FdReVdRmLL/Te42ivnJII551bYjhX19bWem5m14FERCqdJA732OloGuxCRvLBvcMGsn4A==",
      "dev": true
    }
  },
  "dependencies": {
    "@types/webextension-polyfill": {
      "version": "0.10.0",
      "resolved": "https://registry.npmjs.org/@types/webextension-polyfill/-/webextension-polyfill-0.10.0.tgz",
      "integrity": "sha512-If4EcaHzYTqcbNMp/FdReVdRmLL/Te42ivnJII551bYjhX19bWem5m14FERCqdJA732OloGuxCRvLBvcMGsn4A==",
      "dev": true
    }
  }
}
