{
  "name": "subsubdeecee-extension",
  "lockfileVersion": 2,
  "requires": true,
  "packages": {
    "": {
      "devDependencies": {
        "@types/webextension-polyfill": "^0.10.7"
      }
    },
    "node_modules/@types/webextension-polyfill": {
      "version": "0.10.7",
      "resolved": "https://registry.npmjs.org/@types/webextension-polyfill/-/webextension-polyfill-0.10.7.tgz",
      "integrity": "sha512-10ql7A0qzBmFB+F+qAke/nP1PIonS0TXZAOMVOxEUsm+lGSW6uwVcISFNa0I4Oyj0884TZVWGGMIWeXOVSNFHw==",
      "dev": true
    }
  },
  "dependencies": {
    "@types/webextension-polyfill": {
      "version": "0.10.7",
      "resolved": "https://registry.npmjs.org/@types/webextension-polyfill/-/webextension-polyfill-0.10.7.tgz",
      "integrity": "sha512-10ql7A0qzBmFB+F+qAke/nP1PIonS0TXZAOMVOxEUsm+lGSW6uwVcISFNa0I4Oyj0884TZVWGGMIWeXOVSNFHw==",
      "dev": true
    }
  }
}
